
Microsoft Visual Studio Solution File, Format Version 12.00
# Visual Studio Version 17
VisualStudioVersion = 17.3.32721.290
MinimumVisualStudioVersion = 10.0.40219.1
Project("{FAE04EC0-301F-11D3-BF4B-00C04F79EFBC}") = "HTCHome", "HTCHome\HTCHome.csproj", "{31AC5BEE-70C7-4812-9C7B-8BC39AC20260}"
EndProject
Project("{FAE04EC0-301F-11D3-BF4B-00C04F79EFBC}") = "HTCHome.Core", "HTCHome.Core\HTCHome.Core.csproj", "{C7212EDF-9E02-4589-BE18-95C21E79D490}"
EndProject
Project("{2150E333-8FDC-42A3-9474-1A3956D46DE8}") = "Widgets", "Widgets", "{E9CFEB58-E401-4BBC-9A21-56091D8DA453}"
EndProject
Project("{FAE04EC0-301F-11D3-BF4B-00C04F79EFBC}") = "WeatherClockWidget", "Widgets\WeatherClockWidget\WeatherClockWidget.csproj", "{3163B11F-FC2A-4061-853B-521E68177811}"
EndProject
Project("{FAE04EC0-301F-11D3-BF4B-00C04F79EFBC}") = "PhotoWidget", "Widgets\PhotoWidget\PhotoWidget.csproj", "{BEB6D272-4214-441B-95A1-40FEBFE64D33}"
EndProject
Project("{FAE04EC0-301F-11D3-BF4B-00C04F79EFBC}") = "MusicWidget", "Widgets\MusicWidget\MusicWidget.csproj", "{7234A395-82EE-4C70-BF75-0EBCBA12FB8D}"
EndProject
Project("{FAE04EC0-301F-11D3-BF4B-00C04F79EFBC}") = "ClockWidget", "Widgets\ClockWidget\ClockWidget.csproj", "{A881CC63-D4F7-4213-9871-A5A5147D1E05}"
EndProject
Project("{FAE04EC0-301F-11D3-BF4B-00C04F79EFBC}") = "CalendarWidget", "Widgets\CalendarWidget\CalendarWidget.csproj", "{78742353-BC99-4300-AEE5-63C247EF1DF8}"
EndProject
Project("{2150E333-8FDC-42A3-9474-1A3956D46DE8}") = "Extensions", "Extensions", "{9A524F46-1BF0-4268-B219-8DC85C2D5DB6}"
EndProject
Project("{2150E333-8FDC-42A3-9474-1A3956D46DE8}") = "Weather", "Weather", "{6C7983F1-BB1A-4413-BC68-D55F26EF8AA5}"
EndProject
Project("{2150E333-8FDC-42A3-9474-1A3956D46DE8}") = "Music", "Music", "{D6B921F8-2A28-4C7C-B8F7-D5BC147EC470}"
EndProject
Project("{FAE04EC0-301F-11D3-BF4B-00C04F79EFBC}") = "AIMP", "Extensions\Music\AIMP\AIMP.csproj", "{E6BA5367-25A1-467D-BC22-50DE47C10A81}"
EndProject
Project("{FAE04EC0-301F-11D3-BF4B-00C04F79EFBC}") = "Winamp", "Extensions\Music\Winamp\Winamp.csproj", "{533D5A7B-2EAB-4B2B-8603-6EF8D92511CF}"
EndProject
Project("{FAE04EC0-301F-11D3-BF4B-00C04F79EFBC}") = "WMP", "Extensions\Music\WMP\WMP.csproj", "{DA74D12C-916C-43BD-A69F-F8AF19EC794C}"
EndProject
Project("{FAE04EC0-301F-11D3-BF4B-00C04F79EFBC}") = "Foreca", "Extensions\Weather\Foreca\Foreca.csproj", "{185DD3A2-3FBC-4C45-9A96-5D0A33B0A980}"
EndProject
Project("{FAE04EC0-301F-11D3-BF4B-00C04F79EFBC}") = "FreeMeteo", "Extensions\Weather\FreeMeteo\FreeMeteo.csproj", "{9AB1A017-3AF6-40AC-98E6-F76BA350968D}"
EndProject
Project("{FAE04EC0-301F-11D3-BF4B-00C04F79EFBC}") = "OpenWeatherMap", "Extensions\Weather\OpenWeatherMap\OpenWeatherMap.csproj", "{A39C31A3-83DD-4786-992C-E10CBDC72DB3}"
EndProject
Project("{FAE04EC0-301F-11D3-BF4B-00C04F79EFBC}") = "WeatherChannel", "Extensions\Weather\WeatherChannel\WeatherChannel.csproj", "{A10D81CD-84F4-47ED-9753-C6653E77D437}"
EndProject
Project("{FAE04EC0-301F-11D3-BF4B-00C04F79EFBC}") = "Gismeteo", "Extensions\Weather\Gismeteo\Gismeteo.csproj", "{84C9E8DB-FA29-468C-B9A6-2A06668AE00F}"
EndProject
Project("{FAE04EC0-301F-11D3-BF4B-00C04F79EFBC}") = "AccuWeather", "Extensions\Weather\AccuWeather\AccuWeather.csproj", "{FB1E1BE0-C31B-4F16-9642-729A72A5FAEF}"
EndProject
Global
	GlobalSection(SolutionConfigurationPlatforms) = preSolution
		Debug|Any CPU = Debug|Any CPU
		Release|Any CPU = Release|Any CPU
	EndGlobalSection
	GlobalSection(ProjectConfigurationPlatforms) = postSolution
		{31AC5BEE-70C7-4812-9C7B-8BC39AC20260}.Debug|Any CPU.ActiveCfg = Debug|Any CPU
		{31AC5BEE-70C7-4812-9C7B-8BC39AC20260}.Debug|Any CPU.Build.0 = Debug|Any CPU
		{31AC5BEE-70C7-4812-9C7B-8BC39AC20260}.Release|Any CPU.ActiveCfg = Release|Any CPU
		{31AC5BEE-70C7-4812-9C7B-8BC39AC20260}.Release|Any CPU.Build.0 = Release|Any CPU
		{C7212EDF-9E02-4589-BE18-95C21E79D490}.Debug|Any CPU.ActiveCfg = Debug|Any CPU
		{C7212EDF-9E02-4589-BE18-95C21E79D490}.Debug|Any CPU.Build.0 = Debug|Any CPU
		{C7212EDF-9E02-4589-BE18-95C21E79D490}.Release|Any CPU.ActiveCfg = Release|Any CPU
		{C7212EDF-9E02-4589-BE18-95C21E79D490}.Release|Any CPU.Build.0 = Release|Any CPU
		{3163B11F-FC2A-4061-853B-521E68177811}.Debug|Any CPU.ActiveCfg = Debug|Any CPU
		{3163B11F-FC2A-4061-853B-521E68177811}.Debug|Any CPU.Build.0 = Debug|Any CPU
		{3163B11F-FC2A-4061-853B-521E68177811}.Release|Any CPU.ActiveCfg = Release|Any CPU
		{3163B11F-FC2A-4061-853B-521E68177811}.Release|Any CPU.Build.0 = Release|Any CPU
		{BEB6D272-4214-441B-95A1-40FEBFE64D33}.Debug|Any CPU.ActiveCfg = Debug|Any CPU
		{BEB6D272-4214-441B-95A1-40FEBFE64D33}.Debug|Any CPU.Build.0 = Debug|Any CPU
		{BEB6D272-4214-441B-95A1-40FEBFE64D33}.Release|Any CPU.ActiveCfg = Release|Any CPU
		{BEB6D272-4214-441B-95A1-40FEBFE64D33}.Release|Any CPU.Build.0 = Release|Any CPU
		{7234A395-82EE-4C70-BF75-0EBCBA12FB8D}.Debug|Any CPU.ActiveCfg = Debug|Any CPU
		{7234A395-82EE-4C70-BF75-0EBCBA12FB8D}.Debug|Any CPU.Build.0 = Debug|Any CPU
		{7234A395-82EE-4C70-BF75-0EBCBA12FB8D}.Release|Any CPU.ActiveCfg = Release|Any CPU
		{7234A395-82EE-4C70-BF75-0EBCBA12FB8D}.Release|Any CPU.Build.0 = Release|Any CPU
		{A881CC63-D4F7-4213-9871-A5A5147D1E05}.Debug|Any CPU.ActiveCfg = Debug|Any CPU
		{A881CC63-D4F7-4213-9871-A5A5147D1E05}.Debug|Any CPU.Build.0 = Debug|Any CPU
		{A881CC63-D4F7-4213-9871-A5A5147D1E05}.Release|Any CPU.ActiveCfg = Release|Any CPU
		{A881CC63-D4F7-4213-9871-A5A5147D1E05}.Release|Any CPU.Build.0 = Release|Any CPU
		{78742353-BC99-4300-AEE5-63C247EF1DF8}.Debug|Any CPU.ActiveCfg = Debug|Any CPU
		{78742353-BC99-4300-AEE5-63C247EF1DF8}.Debug|Any CPU.Build.0 = Debug|Any CPU
		{78742353-BC99-4300-AEE5-63C247EF1DF8}.Release|Any CPU.ActiveCfg = Release|Any CPU
		{78742353-BC99-4300-AEE5-63C247EF1DF8}.Release|Any CPU.Build.0 = Release|Any CPU
		{E6BA5367-25A1-467D-BC22-50DE47C10A81}.Debug|Any CPU.ActiveCfg = Debug|Any CPU
		{E6BA5367-25A1-467D-BC22-50DE47C10A81}.Debug|Any CPU.Build.0 = Debug|Any CPU
		{E6BA5367-25A1-467D-BC22-50DE47C10A81}.Release|Any CPU.ActiveCfg = Release|Any CPU
		{E6BA5367-25A1-467D-BC22-50DE47C10A81}.Release|Any CPU.Build.0 = Release|Any CPU
		{533D5A7B-2EAB-4B2B-8603-6EF8D92511CF}.Debug|Any CPU.ActiveCfg = Debug|Any CPU
		{533D5A7B-2EAB-4B2B-8603-6EF8D92511CF}.Debug|Any CPU.Build.0 = Debug|Any CPU
		{533D5A7B-2EAB-4B2B-8603-6EF8D92511CF}.Release|Any CPU.ActiveCfg = Release|Any CPU
		{533D5A7B-2EAB-4B2B-8603-6EF8D92511CF}.Release|Any CPU.Build.0 = Release|Any CPU
		{DA74D12C-916C-43BD-A69F-F8AF19EC794C}.Debug|Any CPU.ActiveCfg = Debug|Any CPU
		{DA74D12C-916C-43BD-A69F-F8AF19EC794C}.Debug|Any CPU.Build.0 = Debug|Any CPU
		{DA74D12C-916C-43BD-A69F-F8AF19EC794C}.Release|Any CPU.ActiveCfg = Release|Any CPU
		{DA74D12C-916C-43BD-A69F-F8AF19EC794C}.Release|Any CPU.Build.0 = Release|Any CPU
		{185DD3A2-3FBC-4C45-9A96-5D0A33B0A980}.Debug|Any CPU.ActiveCfg = Debug|Any CPU
		{185DD3A2-3FBC-4C45-9A96-5D0A33B0A980}.Debug|Any CPU.Build.0 = Debug|Any CPU
		{185DD3A2-3FBC-4C45-9A96-5D0A33B0A980}.Release|Any CPU.ActiveCfg = Release|Any CPU
		{185DD3A2-3FBC-4C45-9A96-5D0A33B0A980}.Release|Any CPU.Build.0 = Release|Any CPU
		{9AB1A017-3AF6-40AC-98E6-F76BA350968D}.Debug|Any CPU.ActiveCfg = Debug|Any CPU
		{9AB1A017-3AF6-40AC-98E6-F76BA350968D}.Debug|Any CPU.Build.0 = Debug|Any CPU
		{9AB1A017-3AF6-40AC-98E6-F76BA350968D}.Release|Any CPU.ActiveCfg = Release|Any CPU
		{9AB1A017-3AF6-40AC-98E6-F76BA350968D}.Release|Any CPU.Build.0 = Release|Any CPU
		{A39C31A3-83DD-4786-992C-E10CBDC72DB3}.Debug|Any CPU.ActiveCfg = Debug|Any CPU
		{A39C31A3-83DD-4786-992C-E10CBDC72DB3}.Debug|Any CPU.Build.0 = Debug|Any CPU
		{A39C31A3-83DD-4786-992C-E10CBDC72DB3}.Release|Any CPU.ActiveCfg = Release|Any CPU
		{A39C31A3-83DD-4786-992C-E10CBDC72DB3}.Release|Any CPU.Build.0 = Release|Any CPU
		{A10D81CD-84F4-47ED-9753-C6653E77D437}.Debug|Any CPU.ActiveCfg = Debug|Any CPU
		{A10D81CD-84F4-47ED-9753-C6653E77D437}.Debug|Any CPU.Build.0 = Debug|Any CPU
		{A10D81CD-84F4-47ED-9753-C6653E77D437}.Release|Any CPU.ActiveCfg = Release|Any CPU
		{A10D81CD-84F4-47ED-9753-C6653E77D437}.Release|Any CPU.Build.0 = Release|Any CPU
		{84C9E8DB-FA29-468C-B9A6-2A06668AE00F}.Debug|Any CPU.ActiveCfg = Debug|Any CPU
		{84C9E8DB-FA29-468C-B9A6-2A06668AE00F}.Debug|Any CPU.Build.0 = Debug|Any CPU
		{84C9E8DB-FA29-468C-B9A6-2A06668AE00F}.Release|Any CPU.ActiveCfg = Release|Any CPU
		{84C9E8DB-FA29-468C-B9A6-2A06668AE00F}.Release|Any CPU.Build.0 = Release|Any CPU
		{FB1E1BE0-C31B-4F16-9642-729A72A5FAEF}.Debug|Any CPU.ActiveCfg = Debug|Any CPU
		{FB1E1BE0-C31B-4F16-9642-729A72A5FAEF}.Debug|Any CPU.Build.0 = Debug|Any CPU
		{FB1E1BE0-C31B-4F16-9642-729A72A5FAEF}.Release|Any CPU.ActiveCfg = Release|Any CPU
		{FB1E1BE0-C31B-4F16-9642-729A72A5FAEF}.Release|Any CPU.Build.0 = Release|Any CPU
	EndGlobalSection
	GlobalSection(SolutionProperties) = preSolution
		HideSolutionNode = FALSE
	EndGlobalSection
	GlobalSection(NestedProjects) = preSolution
		{3163B11F-FC2A-4061-853B-521E68177811} = {E9CFEB58-E401-4BBC-9A21-56091D8DA453}
		{BEB6D272-4214-441B-95A1-40FEBFE64D33} = {E9CFEB58-E401-4BBC-9A21-56091D8DA453}
		{7234A395-82EE-4C70-BF75-0EBCBA12FB8D} = {E9CFEB58-E401-4BBC-9A21-56091D8DA453}
		{A881CC63-D4F7-4213-9871-A5A5147D1E05} = {E9CFEB58-E401-4BBC-9A21-56091D8DA453}
		{78742353-BC99-4300-AEE5-63C247EF1DF8} = {E9CFEB58-E401-4BBC-9A21-56091D8DA453}
		{6C7983F1-BB1A-4413-BC68-D55F26EF8AA5} = {9A524F46-1BF0-4268-B219-8DC85C2D5DB6}
		{D6B921F8-2A28-4C7C-B8F7-D5BC147EC470} = {9A524F46-1BF0-4268-B219-8DC85C2D5DB6}
		{E6BA5367-25A1-467D-BC22-50DE47C10A81} = {D6B921F8-2A28-4C7C-B8F7-D5BC147EC470}
		{533D5A7B-2EAB-4B2B-8603-6EF8D92511CF} = {D6B921F8-2A28-4C7C-B8F7-D5BC147EC470}
		{DA74D12C-916C-43BD-A69F-F8AF19EC794C} = {D6B921F8-2A28-4C7C-B8F7-D5BC147EC470}
		{185DD3A2-3FBC-4C45-9A96-5D0A33B0A980} = {6C7983F1-BB1A-4413-BC68-D55F26EF8AA5}
		{9AB1A017-3AF6-40AC-98E6-F76BA350968D} = {6C7983F1-BB1A-4413-BC68-D55F26EF8AA5}
		{A39C31A3-83DD-4786-992C-E10CBDC72DB3} = {6C7983F1-BB1A-4413-BC68-D55F26EF8AA5}
		{A10D81CD-84F4-47ED-9753-C6653E77D437} = {6C7983F1-BB1A-4413-BC68-D55F26EF8AA5}
		{84C9E8DB-FA29-468C-B9A6-2A06668AE00F} = {6C7983F1-BB1A-4413-BC68-D55F26EF8AA5}
		{FB1E1BE0-C31B-4F16-9642-729A72A5FAEF} = {6C7983F1-BB1A-4413-BC68-D55F26EF8AA5}
	EndGlobalSection
	GlobalSection(ExtensibilityGlobals) = postSolution
		SolutionGuid = {66831FA4-D44D-49C0-88FE-003DCB74674A}
	EndGlobalSection
EndGlobal
